// !$*UTF8*$!
{
	archiveVersion = 1;
	classes = {
	};
	objectVersion = 77;
	objects = {

/* Begin PBXContainerItemProxy section */
		D82F17602CE3FEB100730682 /* PBXContainerItemProxy */ = {
			isa = PBXContainerItemProxy;
			containerPortal = D82F17422CE3FEB000730682 /* Project object */;
			proxyType = 1;
			remoteGlobalIDString = D82F17492CE3FEB000730682;
			remoteInfo = "exchange-rates";
		};
		D82F176A2CE3FEB100730682 /* PBXContainerItemProxy */ = {
			isa = PBXContainerItemProxy;
			containerPortal = D82F17422CE3FEB000730682 /* Project object */;
			proxyType = 1;
			remoteGlobalIDString = D82F17492CE3FEB000730682;
			remoteInfo = "exchange-rates";
		};
/* End PBXContainerItemProxy section */

/* Begin PBXFileReference section */
		D82F174A2CE3FEB000730682 /* exchange-rates.app */ = {isa = PBXFileReference; explicitFileType = wrapper.application; includeInIndex = 0; path = "exchange-rates.app"; sourceTree = BUILT_PRODUCTS_DIR; };
		D82F175F2CE3FEB100730682 /* exchange-ratesTests.xctest */ = {isa = PBXFileReference; explicitFileType = wrapper.cfbundle; includeInIndex = 0; path = "exchange-ratesTests.xctest"; sourceTree = BUILT_PRODUCTS_DIR; };
		D82F17692CE3FEB100730682 /* exchange-ratesUITests.xctest */ = {isa = PBXFileReference; explicitFileType = wrapper.cfbundle; includeInIndex = 0; path = "exchange-ratesUITests.xctest"; sourceTree = BUILT_PRODUCTS_DIR; };
/* End PBXFileReference section */

/* Begin PBXFileSystemSynchronizedBuildFileExceptionSet section */
		D8BDF0C52CE4DBFC004C8C88 /* Exceptions for "exchange-rates" folder in "exchange-rates" target */ = {
			isa = PBXFileSystemSynchronizedBuildFileExceptionSet;
			membershipExceptions = (
				Info.plist,
			);
			target = D82F17492CE3FEB000730682 /* exchange-rates */;
		};
/* End PBXFileSystemSynchronizedBuildFileExceptionSet section */

/* Begin PBXFileSystemSynchronizedRootGroup section */
		D82F174C2CE3FEB000730682 /* exchange-rates */ = {
			isa = PBXFileSystemSynchronizedRootGroup;
			exceptions = (
				D8BDF0C52CE4DBFC004C8C88 /* Exceptions for "exchange-rates" folder in "exchange-rates" target */,
			);
			path = "exchange-rates";
			sourceTree = "<group>";
		};
		D82F17622CE3FEB100730682 /* exchange-ratesTests */ = {
			isa = PBXFileSystemSynchronizedRootGroup;
			path = "exchange-ratesTests";
			sourceTree = "<group>";
		};
		D82F176C2CE3FEB100730682 /* exchange-ratesUITests */ = {
			isa = PBXFileSystemSynchronizedRootGroup;
			path = "exchange-ratesUITests";
			sourceTree = "<group>";
		};
/* End PBXFileSystemSynchronizedRootGroup section */

/* Begin PBXFrameworksBuildPhase section */
		D82F17472CE3FEB000730682 /* Frameworks */ = {
			isa = PBXFrameworksBuildPhase;
			buildActionMask = 2147483647;
			files = (
			);
			runOnlyForDeploymentPostprocessing = 0;
		};
		D82F175C2CE3FEB100730682 /* Frameworks */ = {
			isa = PBXFrameworksBuildPhase;
			buildActionMask = 2147483647;
			files = (
			);
			runOnlyForDeploymentPostprocessing = 0;
		};
		D82F17662CE3FEB100730682 /* Frameworks */ = {
			isa = PBXFrameworksBuildPhase;
			buildActionMask = 2147483647;
			files = (
			);
			runOnlyForDeploymentPostprocessing = 0;
		};
/* End PBXFrameworksBuildPhase section */

/* Begin PBXGroup section */
		D82F17412CE3FEB000730682 = {
			isa = PBXGroup;
			children = (
				D82F174C2CE3FEB000730682 /* exchange-rates */,
				D82F17622CE3FEB100730682 /* exchange-ratesTests */,
				D82F176C2CE3FEB100730682 /* exchange-ratesUITests */,
				D82F174B2CE3FEB000730682 /* Products */,
			);
			sourceTree = "<group>";
		};
		D82F174B2CE3FEB000730682 /* Products */ = {
			isa = PBXGroup;
			children = (
				D82F174A2CE3FEB000730682 /* exchange-rates.app */,
				D82F175F2CE3FEB100730682 /* exchange-ratesTests.xctest */,
				D82F17692CE3FEB100730682 /* exchange-ratesUITests.xctest */,
			);
			name = Products;
			sourceTree = "<group>";
		};
/* End PBXGroup section */

/* Begin PBXNativeTarget section */
		D82F17492CE3FEB000730682 /* exchange-rates */ = {
			isa = PBXNativeTarget;
			buildConfigurationList = D82F17732CE3FEB100730682 /* Build configuration list for PBXNativeTarget "exchange-rates" */;
			buildPhases = (
				D82F17462CE3FEB000730682 /* Sources */,
				D82F17472CE3FEB000730682 /* Frameworks */,
				D82F17482CE3FEB000730682 /* Resources */,
			);
			buildRules = (
			);
			dependencies = (
			);
			fileSystemSynchronizedGroups = (
				D82F174C2CE3FEB000730682 /* exchange-rates */,
			);
			name = "exchange-rates";
			packageProductDependencies = (
			);
			productName = "exchange-rates";
			productReference = D82F174A2CE3FEB000730682 /* exchange-rates.app */;
			productType = "com.apple.product-type.application";
		};
		D82F175E2CE3FEB100730682 /* exchange-ratesTests */ = {
			isa = PBXNativeTarget;
			buildConfigurationList = D82F17762CE3FEB100730682 /* Build configuration list for PBXNativeTarget "exchange-ratesTests" */;
			buildPhases = (
				D82F175B2CE3FEB100730682 /* Sources */,
				D82F175C2CE3FEB100730682 /* Frameworks */,
				D82F175D2CE3FEB100730682 /* Resources */,
			);
			buildRules = (
			);
			dependencies = (
				D82F17612CE3FEB100730682 /* PBXTargetDependency */,
			);
			fileSystemSynchronizedGroups = (
				D82F17622CE3FEB100730682 /* exchange-ratesTests */,
			);
			name = "exchange-ratesTests";
			packageProductDependencies = (
			);
			productName = "exchange-ratesTests";
			productReference = D82F175F2CE3FEB100730682 /* exchange-ratesTests.xctest */;
			productType = "com.apple.product-type.bundle.unit-test";
		};
		D82F17682CE3FEB100730682 /* exchange-ratesUITests */ = {
			isa = PBXNativeTarget;
			buildConfigurationList = D82F17792CE3FEB100730682 /* Build configuration list for PBXNativeTarget "exchange-ratesUITests" */;
			buildPhases = (
				D82F17652CE3FEB100730682 /* Sources */,
				D82F17662CE3FEB100730682 /* Frameworks */,
				D82F17672CE3FEB100730682 /* Resources */,
			);
			buildRules = (
			);
			dependencies = (
				D82F176B2CE3FEB100730682 /* PBXTargetDependency */,
			);
			fileSystemSynchronizedGroups = (
				D82F176C2CE3FEB100730682 /* exchange-ratesUITests */,
			);
			name = "exchange-ratesUITests";
			packageProductDependencies = (
			);
			productName = "exchange-ratesUITests";
			productReference = D82F17692CE3FEB100730682 /* exchange-ratesUITests.xctest */;
			productType = "com.apple.product-type.bundle.ui-testing";
		};
/* End PBXNativeTarget section */

/* Begin PBXProject section */
		D82F17422CE3FEB000730682 /* Project object */ = {
			isa = PBXProject;
			attributes = {
				BuildIndependentTargetsInParallel = 1;
				LastSwiftUpdateCheck = 1610;
				LastUpgradeCheck = 1610;
				TargetAttributes = {
					D82F17492CE3FEB000730682 = {
						CreatedOnToolsVersion = 16.1;
					};
					D82F175E2CE3FEB100730682 = {
						CreatedOnToolsVersion = 16.1;
						TestTargetID = D82F17492CE3FEB000730682;
					};
					D82F17682CE3FEB100730682 = {
						CreatedOnToolsVersion = 16.1;
						TestTargetID = D82F17492CE3FEB000730682;
					};
				};
			};
			buildConfigurationList = D82F17452CE3FEB000730682 /* Build configuration list for PBXProject "exchange-rates" */;
			developmentRegion = en;
			hasScannedForEncodings = 0;
			knownRegions = (
				en,
				Base,
			);
			mainGroup = D82F17412CE3FEB000730682;
			minimizedProjectReferenceProxies = 1;
			preferredProjectObjectVersion = 77;
			productRefGroup = D82F174B2CE3FEB000730682 /* Products */;
			projectDirPath = "";
			projectRoot = "";
			targets = (
				D82F17492CE3FEB000730682 /* exchange-rates */,
				D82F175E2CE3FEB100730682 /* exchange-ratesTests */,
				D82F17682CE3FEB100730682 /* exchange-ratesUITests */,
			);
		};
/* End PBXProject section */

/* Begin PBXResourcesBuildPhase section */
		D82F17482CE3FEB000730682 /* Resources */ = {
			isa = PBXResourcesBuildPhase;
			buildActionMask = 2147483647;
			files = (
			);
			runOnlyForDeploymentPostprocessing = 0;
		};
		D82F175D2CE3FEB100730682 /* Resources */ = {
			isa = PBXResourcesBuildPhase;
			buildActionMask = 2147483647;
			files = (
			);
			runOnlyForDeploymentPostprocessing = 0;
		};
		D82F17672CE3FEB100730682 /* Resources */ = {
			isa = PBXResourcesBuildPhase;
			buildActionMask = 2147483647;
			files = (
			);
			runOnlyForDeploymentPostprocessing = 0;
		};
/* End PBXResourcesBuildPhase section */

/* Begin PBXSourcesBuildPhase section */
		D82F17462CE3FEB000730682 /* Sources */ = {
			isa = PBXSourcesBuildPhase;
			buildActionMask = 2147483647;
			files = (
			);
			runOnlyForDeploymentPostprocessing = 0;
		};
		D82F175B2CE3FEB100730682 /* Sources */ = {
			isa = PBXSourcesBuildPhase;
			buildActionMask = 2147483647;
			files = (
			);
			runOnlyForDeploymentPostprocessing = 0;
		};
		D82F17652CE3FEB100730682 /* Sources */ = {
			isa = PBXSourcesBuildPhase;
			buildActionMask = 2147483647;
			files = (
			);
			runOnlyForDeploymentPostprocessing = 0;
		};
/* End PBXSourcesBuildPhase section */

/* Begin PBXTargetDependency section */
		D82F17612CE3FEB100730682 /* PBXTargetDependency */ = {
			isa = PBXTargetDependency;
			target = D82F17492CE3FEB000730682 /* exchange-rates */;
			targetProxy = D82F17602CE3FEB100730682 /* PBXContainerItemProxy */;
		};
		D82F176B2CE3FEB100730682 /* PBXTargetDependency */ = {
			isa = PBXTargetDependency;
			target = D82F17492CE3FEB000730682 /* exchange-rates */;
			targetProxy = D82F176A2CE3FEB100730682 /* PBXContainerItemProxy */;
		};
/* End PBXTargetDependency section */

/* Begin XCBuildConfiguration section */
		D82F17712CE3FEB100730682 /* Debug */ = {
			isa = XCBuildConfiguration;
			baseConfigurationReferenceAnchor = D82F174C2CE3FEB000730682 /* exchange-rates */;
			baseConfigurationReferenceRelativePath = Resources/Configuration.xcconfig;
			buildSettings = {
				ALWAYS_SEARCH_USER_PATHS = NO;
				ASSETCATALOG_COMPILER_GENERATE_SWIFT_ASSET_SYMBOL_EXTENSIONS = YES;
				CLANG_ANALYZER_NONNULL = YES;
				CLANG_ANALYZER_NUMBER_OBJECT_CONVERSION = YES_AGGRESSIVE;
				CLANG_CXX_LANGUAGE_STANDARD = "gnu++20";
				CLANG_ENABLE_MODULES = YES;
				CLANG_ENABLE_OBJC_ARC = YES;
				CLANG_ENABLE_OBJC_WEAK = YES;
				CLANG_WARN_BLOCK_CAPTURE_AUTORELEASING = YES;
				CLANG_WARN_BOOL_CONVERSION = YES;
				CLANG_WARN_COMMA = YES;
				CLANG_WARN_CONSTANT_CONVERSION = YES;
				CLANG_WARN_DEPRECATED_OBJC_IMPLEMENTATIONS = YES;
				CLANG_WARN_DIRECT_OBJC_ISA_USAGE = YES_ERROR;
				CLANG_WARN_DOCUMENTATION_COMMENTS = YES;
				CLANG_WARN_EMPTY_BODY = YES;
				CLANG_WARN_ENUM_CONVERSION = YES;
				CLANG_WARN_INFINITE_RECURSION = YES;
				CLANG_WARN_INT_CONVERSION = YES;
				CLANG_WARN_NON_LITERAL_NULL_CONVERSION = YES;
				CLANG_WARN_OBJC_IMPLICIT_RETAIN_SELF = YES;
				CLANG_WARN_OBJC_LITERAL_CONVERSION = YES;
				CLANG_WARN_OBJC_ROOT_CLASS = YES_ERROR;
				CLANG_WARN_QUOTED_INCLUDE_IN_FRAMEWORK_HEADER = YES;
				CLANG_WARN_RANGE_LOOP_ANALYSIS = YES;
				CLANG_WARN_STRICT_PROTOTYPES = YES;
				CLANG_WARN_SUSPICIOUS_MOVE = YES;
				CLANG_WARN_UNGUARDED_AVAILABILITY = YES_AGGRESSIVE;
				CLANG_WARN_UNREACHABLE_CODE = YES;
				CLANG_WARN__DUPLICATE_METHOD_MATCH = YES;
				COPY_PHASE_STRIP = NO;
				DEBUG_INFORMATION_FORMAT = dwarf;
				ENABLE_STRICT_OBJC_MSGSEND = YES;
				ENABLE_TESTABILITY = YES;
				ENABLE_USER_SCRIPT_SANDBOXING = YES;
				GCC_C_LANGUAGE_STANDARD = gnu17;
				GCC_DYNAMIC_NO_PIC = NO;
				GCC_NO_COMMON_BLOCKS = YES;
				GCC_OPTIMIZATION_LEVEL = 0;
				GCC_PREPROCESSOR_DEFINITIONS = (
					"DEBUG=1",
					"$(inherited)",
				);
				GCC_WARN_64_TO_32_BIT_CONVERSION = YES;
				GCC_WARN_ABOUT_RETURN_TYPE = YES_ERROR;
				GCC_WARN_UNDECLARED_SELECTOR = YES;
				GCC_WARN_UNINITIALIZED_AUTOS = YES_AGGRESSIVE;
				GCC_WARN_UNUSED_FUNCTION = YES;
				GCC_WARN_UNUSED_VARIABLE = YES;
				IPHONEOS_DEPLOYMENT_TARGET = 18.1;
				LOCALIZATION_PREFERS_STRING_CATALOGS = YES;
				MTL_ENABLE_DEBUG_INFO = INCLUDE_SOURCE;
				MTL_FAST_MATH = YES;
				ONLY_ACTIVE_ARCH = YES;
				SDKROOT = iphoneos;
				SWIFT_ACTIVE_COMPILATION_CONDITIONS = "DEBUG $(inherited)";
				SWIFT_OPTIMIZATION_LEVEL = "-Onone";
			};
			name = Debug;
		};
		D82F17722CE3FEB100730682 /* Release */ = {
			isa = XCBuildConfiguration;
			baseConfigurationReferenceAnchor = D82F174C2CE3FEB000730682 /* exchange-rates */;
			baseConfigurationReferenceRelativePath = Resources/Configuration.xcconfig;
			buildSettings = {
				ALWAYS_SEARCH_USER_PATHS = NO;
				ASSETCATALOG_COMPILER_GENERATE_SWIFT_ASSET_SYMBOL_EXTENSIONS = YES;
				CLANG_ANALYZER_NONNULL = YES;
				CLANG_ANALYZER_NUMBER_OBJECT_CONVERSION = YES_AGGRESSIVE;
				CLANG_CXX_LANGUAGE_STANDARD = "gnu++20";
				CLANG_ENABLE_MODULES = YES;
				CLANG_ENABLE_OBJC_ARC = YES;
				CLANG_ENABLE_OBJC_WEAK = YES;
				CLANG_WARN_BLOCK_CAPTURE_AUTORELEASING = YES;
				CLANG_WARN_BOOL_CONVERSION = YES;
				CLANG_WARN_COMMA = YES;
				CLANG_WARN_CONSTANT_CONVERSION = YES;
				CLANG_WARN_DEPRECATED_OBJC_IMPLEMENTATIONS = YES;
				CLANG_WARN_DIRECT_OBJC_ISA_USAGE = YES_ERROR;
				CLANG_WARN_DOCUMENTATION_COMMENTS = YES;
				CLANG_WARN_EMPTY_BODY = YES;
				CLANG_WARN_ENUM_CONVERSION = YES;
				CLANG_WARN_INFINITE_RECURSION = YES;
				CLANG_WARN_INT_CONVERSION = YES;
				CLANG_WARN_NON_LITERAL_NULL_CONVERSION = YES;
				CLANG_WARN_OBJC_IMPLICIT_RETAIN_SELF = YES;
				CLANG_WARN_OBJC_LITERAL_CONVERSION = YES;
				CLANG_WARN_OBJC_ROOT_CLASS = YES_ERROR;
				CLANG_WARN_QUOTED_INCLUDE_IN_FRAMEWORK_HEADER = YES;
				CLANG_WARN_RANGE_LOOP_ANALYSIS = YES;
				CLANG_WARN_STRICT_PROTOTYPES = YES;
				CLANG_WARN_SUSPICIOUS_MOVE = YES;
				CLANG_WARN_UNGUARDED_AVAILABILITY = YES_AGGRESSIVE;
				CLANG_WARN_UNREACHABLE_CODE = YES;
				CLANG_WARN__DUPLICATE_METHOD_MATCH = YES;
				COPY_PHASE_STRIP = NO;
				DEBUG_INFORMATION_FORMAT = "dwarf-with-dsym";
				ENABLE_NS_ASSERTIONS = NO;
				ENABLE_STRICT_OBJC_MSGSEND = YES;
				ENABLE_USER_SCRIPT_SANDBOXING = YES;
				GCC_C_LANGUAGE_STANDARD = gnu17;
				GCC_NO_COMMON_BLOCKS = YES;
				GCC_WARN_64_TO_32_BIT_CONVERSION = YES;
				GCC_WARN_ABOUT_RETURN_TYPE = YES_ERROR;
				GCC_WARN_UNDECLARED_SELECTOR = YES;
				GCC_WARN_UNINITIALIZED_AUTOS = YES_AGGRESSIVE;
				GCC_WARN_UNUSED_FUNCTION = YES;
				GCC_WARN_UNUSED_VARIABLE = YES;
				IPHONEOS_DEPLOYMENT_TARGET = 18.1;
				LOCALIZATION_PREFERS_STRING_CATALOGS = YES;
				MTL_ENABLE_DEBUG_INFO = NO;
				MTL_FAST_MATH = YES;
				SDKROOT = iphoneos;
				SWIFT_COMPILATION_MODE = wholemodule;
				VALIDATE_PRODUCT = YES;
			};
			name = Release;
		};
		D82F17742CE3FEB100730682 /* Debug */ = {
			isa = XCBuildConfiguration;
			buildSettings = {
				ASSETCATALOG_COMPILER_APPICON_NAME = AppIcon;
				ASSETCATALOG_COMPILER_GLOBAL_ACCENT_COLOR_NAME = AccentColor;
				CODE_SIGN_STYLE = Automatic;
				CURRENT_PROJECT_VERSION = 1;
				DEVELOPMENT_ASSET_PATHS = "\"exchange-rates/Resources/Preview Content\"";
				DEVELOPMENT_TEAM = 4N5Z8SSZ59;
				ENABLE_PREVIEWS = YES;
				GENERATE_INFOPLIST_FILE = YES;
				INFOPLIST_FILE = "exchange-rates/Info.plist";
				INFOPLIST_KEY_UIApplicationSceneManifest_Generation = YES;
				INFOPLIST_KEY_UIApplicationSupportsIndirectInputEvents = YES;
				INFOPLIST_KEY_UILaunchScreen_Generation = YES;
				INFOPLIST_KEY_UISupportedInterfaceOrientations_iPad = "UIInterfaceOrientationPortrait UIInterfaceOrientationPortraitUpsideDown UIInterfaceOrientationLandscapeLeft UIInterfaceOrientationLandscapeRight";
				INFOPLIST_KEY_UISupportedInterfaceOrientations_iPhone = "UIInterfaceOrientationPortrait UIInterfaceOrientationLandscapeLeft UIInterfaceOrientationLandscapeRight";
				LD_RUNPATH_SEARCH_PATHS = (
					"$(inherited)",
					"@executable_path/Frameworks",
				);
				MARKETING_VERSION = 1.0;
				PRODUCT_BUNDLE_IDENTIFIER = "com.vdseam.exchange-rates";
				PRODUCT_NAME = "$(TARGET_NAME)";
				SWIFT_EMIT_LOC_STRINGS = YES;
				SWIFT_VERSION = 5.0;
				TARGETED_DEVICE_FAMILY = "1,2";
			};
			name = Debug;
		};
		D82F17752CE3FEB100730682 /* Release */ = {
			isa = XCBuildConfiguration;
			buildSettings = {
				ASSETCATALOG_COMPILER_APPICON_NAME = AppIcon;
				ASSETCATALOG_COMPILER_GLOBAL_ACCENT_COLOR_NAME = AccentColor;
				CODE_SIGN_STYLE = Automatic;
				CURRENT_PROJECT_VERSION = 1;
				DEVELOPMENT_ASSET_PATHS = "\"exchange-rates/Resources/Preview Content\"";
				DEVELOPMENT_TEAM = 4N5Z8SSZ59;
				ENABLE_PREVIEWS = YES;
				GENERATE_INFOPLIST_FILE = YES;
				INFOPLIST_FILE = "exchange-rates/Info.plist";
				INFOPLIST_KEY_UIApplicationSceneManifest_Generation = YES;
				INFOPLIST_KEY_UIApplicationSupportsIndirectInputEvents = YES;
				INFOPLIST_KEY_UILaunchScreen_Generation = YES;
				INFOPLIST_KEY_UISupportedInterfaceOrientations_iPad = "UIInterfaceOrientationPortrait UIInterfaceOrientationPortraitUpsideDown UIInterfaceOrientationLandscapeLeft UIInterfaceOrientationLandscapeRight";
				INFOPLIST_KEY_UISupportedInterfaceOrientations_iPhone = "UIInterfaceOrientationPortrait UIInterfaceOrientationLandscapeLeft UIInterfaceOrientationLandscapeRight";
				LD_RUNPATH_SEARCH_PATHS = (
					"$(inherited)",
					"@executable_path/Frameworks",
				);
				MARKETING_VERSION = 1.0;
				PRODUCT_BUNDLE_IDENTIFIER = "com.vdseam.exchange-rates";
				PRODUCT_NAME = "$(TARGET_NAME)";
				SWIFT_EMIT_LOC_STRINGS = YES;
				SWIFT_VERSION = 5.0;
				TARGETED_DEVICE_FAMILY = "1,2";
			};
			name = Release;
		};
		D82F17772CE3FEB100730682 /* Debug */ = {
			isa = XCBuildConfiguration;
			buildSettings = {
				BUNDLE_LOADER = "$(TEST_HOST)";
				CODE_SIGN_STYLE = Automatic;
				CURRENT_PROJECT_VERSION = 1;
				DEVELOPMENT_TEAM = 4N5Z8SSZ59;
				GENERATE_INFOPLIST_FILE = YES;
				IPHONEOS_DEPLOYMENT_TARGET = 18.1;
				MARKETING_VERSION = 1.0;
				PRODUCT_BUNDLE_IDENTIFIER = "com.vdseam.exchange-ratesTests";
				PRODUCT_NAME = "$(TARGET_NAME)";
				SWIFT_EMIT_LOC_STRINGS = NO;
				SWIFT_VERSION = 5.0;
				TARGETED_DEVICE_FAMILY = "1,2";
				TEST_HOST = "$(BUILT_PRODUCTS_DIR)/exchange-rates.app/$(BUNDLE_EXECUTABLE_FOLDER_PATH)/exchange-rates";
			};
			name = Debug;
		};
		D82F17782CE3FEB100730682 /* Release */ = {
			isa = XCBuildConfiguration;
			buildSettings = {
				BUNDLE_LOADER = "$(TEST_HOST)";
				CODE_SIGN_STYLE = Automatic;
				CURRENT_PROJECT_VERSION = 1;
				DEVELOPMENT_TEAM = 4N5Z8SSZ59;
				GENERATE_INFOPLIST_FILE = YES;
				IPHONEOS_DEPLOYMENT_TARGET = 18.1;
				MARKETING_VERSION = 1.0;
				PRODUCT_BUNDLE_IDENTIFIER = "com.vdseam.exchange-ratesTests";
				PRODUCT_NAME = "$(TARGET_NAME)";
				SWIFT_EMIT_LOC_STRINGS = NO;
				SWIFT_VERSION = 5.0;
				TARGETED_DEVICE_FAMILY = "1,2";
				TEST_HOST = "$(BUILT_PRODUCTS_DIR)/exchange-rates.app/$(BUNDLE_EXECUTABLE_FOLDER_PATH)/exchange-rates";
			};
			name = Release;
		};
		D82F177A2CE3FEB100730682 /* Debug */ = {
			isa = XCBuildConfiguration;
			buildSettings = {
				CODE_SIGN_STYLE = Automatic;
				CURRENT_PROJECT_VERSION = 1;
				DEVELOPMENT_TEAM = 4N5Z8SSZ59;
				GENERATE_INFOPLIST_FILE = YES;
				MARKETING_VERSION = 1.0;
				PRODUCT_BUNDLE_IDENTIFIER = "com.vdseam.exchange-ratesUITests";
				PRODUCT_NAME = "$(TARGET_NAME)";
				SWIFT_EMIT_LOC_STRINGS = NO;
				SWIFT_VERSION = 5.0;
				TARGETED_DEVICE_FAMILY = "1,2";
				TEST_TARGET_NAME = "exchange-rates";
			};
			name = Debug;
		};
		D82F177B2CE3FEB100730682 /* Release */ = {
			isa = XCBuildConfiguration;
			buildSettings = {
				CODE_SIGN_STYLE = Automatic;
				CURRENT_PROJECT_VERSION = 1;
				DEVELOPMENT_TEAM = 4N5Z8SSZ59;
				GENERATE_INFOPLIST_FILE = YES;
				MARKETING_VERSION = 1.0;
				PRODUCT_BUNDLE_IDENTIFIER = "com.vdseam.exchange-ratesUITests";
				PRODUCT_NAME = "$(TARGET_NAME)";
				SWIFT_EMIT_LOC_STRINGS = NO;
				SWIFT_VERSION = 5.0;
				TARGETED_DEVICE_FAMILY = "1,2";
				TEST_TARGET_NAME = "exchange-rates";
			};
			name = Release;
		};
/* End XCBuildConfiguration section */

/* Begin XCConfigurationList section */
		D82F17452CE3FEB000730682 /* Build configuration list for PBXProject "exchange-rates" */ = {
			isa = XCConfigurationList;
			buildConfigurations = (
				D82F17712CE3FEB100730682 /* Debug */,
				D82F17722CE3FEB100730682 /* Release */,
			);
			defaultConfigurationIsVisible = 0;
			defaultConfigurationName = Release;
		};
		D82F17732CE3FEB100730682 /* Build configuration list for PBXNativeTarget "exchange-rates" */ = {
			isa = XCConfigurationList;
			buildConfigurations = (
				D82F17742CE3FEB100730682 /* Debug */,
				D82F17752CE3FEB100730682 /* Release */,
			);
			defaultConfigurationIsVisible = 0;
			defaultConfigurationName = Release;
		};
		D82F17762CE3FEB100730682 /* Build configuration list for PBXNativeTarget "exchange-ratesTests" */ = {
			isa = XCConfigurationList;
			buildConfigurations = (
				D82F17772CE3FEB100730682 /* Debug */,
				D82F17782CE3FEB100730682 /* Release */,
			);
			defaultConfigurationIsVisible = 0;
			defaultConfigurationName = Release;
		};
		D82F17792CE3FEB100730682 /* Build configuration list for PBXNativeTarget "exchange-ratesUITests" */ = {
			isa = XCConfigurationList;
			buildConfigurations = (
				D82F177A2CE3FEB100730682 /* Debug */,
				D82F177B2CE3FEB100730682 /* Release */,
			);
			defaultConfigurationIsVisible = 0;
			defaultConfigurationName = Release;
		};
/* End XCConfigurationList section */
	};
	rootObject = D82F17422CE3FEB000730682 /* Project object */;
}
